
Microsoft Visual Studio Solution File, Format Version 12.00
Project("{FAE04EC0-301F-11D3-BF4B-00C04F79EFBC}") = "graphql.api", "graphql.api\graphql.api.csproj", "{5A510FD1-1621-4F4C-9DCF-1D6E841C3BEC}"
EndProject
Project("{FAE04EC0-301F-11D3-BF4B-00C04F79EFBC}") = "graphql.core", "graphql.core\graphql.core.csproj", "{3A4366D6-4E0F-403E-A3FE-9176E14CD3A7}"
EndProject
Project("{FAE04EC0-301F-11D3-BF4B-00C04F79EFBC}") = "graphql.data", "graphql.data\graphql.data.csproj", "{EE455611-7A25-401D-97B4-4B20FEB3D42B}"
EndProject
Project("{FAE04EC0-301F-11D3-BF4B-00C04F79EFBC}") = "graphql.Tests.Unit", "graphql.Tests.Unit\graphql.Tests.Unit.csproj", "{334D7E83-6EA3-4188-B15F-E4830470EFB5}"
EndProject
Project("{FAE04EC0-301F-11D3-BF4B-00C04F79EFBC}") = "graphql.Tests.Integration", "graphql.Tests.Integration\graphql.Tests.Integration.csproj", "{659B6094-F4AA-43DE-8A39-888647D03A46}"
EndProject
Global
	GlobalSection(SolutionConfigurationPlatforms) = preSolution
		Debug|Any CPU = Debug|Any CPU
		Release|Any CPU = Release|Any CPU
	EndGlobalSection
	GlobalSection(ProjectConfigurationPlatforms) = postSolution
		{5A510FD1-1621-4F4C-9DCF-1D6E841C3BEC}.Debug|Any CPU.ActiveCfg = Debug|Any CPU
		{5A510FD1-1621-4F4C-9DCF-1D6E841C3BEC}.Debug|Any CPU.Build.0 = Debug|Any CPU
		{5A510FD1-1621-4F4C-9DCF-1D6E841C3BEC}.Release|Any CPU.ActiveCfg = Release|Any CPU
		{5A510FD1-1621-4F4C-9DCF-1D6E841C3BEC}.Release|Any CPU.Build.0 = Release|Any CPU
		{3A4366D6-4E0F-403E-A3FE-9176E14CD3A7}.Debug|Any CPU.ActiveCfg = Debug|Any CPU
		{3A4366D6-4E0F-403E-A3FE-9176E14CD3A7}.Debug|Any CPU.Build.0 = Debug|Any CPU
		{3A4366D6-4E0F-403E-A3FE-9176E14CD3A7}.Release|Any CPU.ActiveCfg = Release|Any CPU
		{3A4366D6-4E0F-403E-A3FE-9176E14CD3A7}.Release|Any CPU.Build.0 = Release|Any CPU
		{EE455611-7A25-401D-97B4-4B20FEB3D42B}.Debug|Any CPU.ActiveCfg = Debug|Any CPU
		{EE455611-7A25-401D-97B4-4B20FEB3D42B}.Debug|Any CPU.Build.0 = Debug|Any CPU
		{EE455611-7A25-401D-97B4-4B20FEB3D42B}.Release|Any CPU.ActiveCfg = Release|Any CPU
		{EE455611-7A25-401D-97B4-4B20FEB3D42B}.Release|Any CPU.Build.0 = Release|Any CPU
		{334D7E83-6EA3-4188-B15F-E4830470EFB5}.Debug|Any CPU.ActiveCfg = Debug|Any CPU
		{334D7E83-6EA3-4188-B15F-E4830470EFB5}.Debug|Any CPU.Build.0 = Debug|Any CPU
		{334D7E83-6EA3-4188-B15F-E4830470EFB5}.Release|Any CPU.ActiveCfg = Release|Any CPU
		{334D7E83-6EA3-4188-B15F-E4830470EFB5}.Release|Any CPU.Build.0 = Release|Any CPU
		{659B6094-F4AA-43DE-8A39-888647D03A46}.Debug|Any CPU.ActiveCfg = Debug|Any CPU
		{659B6094-F4AA-43DE-8A39-888647D03A46}.Release|Any CPU.ActiveCfg = Release|Any CPU
		{659B6094-F4AA-43DE-8A39-888647D03A46}.Release|Any CPU.Build.0 = Release|Any CPU
	EndGlobalSection
EndGlobal
